
Microsoft Visual Studio Solution File, Format Version 12.00
# Visual Studio Version 16
VisualStudioVersion = 16.0.31911.196
MinimumVisualStudioVersion = 10.0.40219.1
Project("{FAE04EC0-301F-11D3-BF4B-00C04F79EFBC}") = "APIUdemy", "APIUdemy\APIUdemy.csproj", "{95EB33BB-3622-40C4-B119-4B331E592BAB}"
EndProject
Global
	GlobalSection(SolutionConfigurationPlatforms) = preSolution
		Debug|Any CPU = Debug|Any CPU
		Release|Any CPU = Release|Any CPU
	EndGlobalSection
	GlobalSection(ProjectConfigurationPlatforms) = postSolution
		{95EB33BB-3622-40C4-B119-4B331E592BAB}.Debug|Any CPU.ActiveCfg = Debug|Any CPU
		{95EB33BB-3622-40C4-B119-4B331E592BAB}.Debug|Any CPU.Build.0 = Debug|Any CPU
		{95EB33BB-3622-40C4-B119-4B331E592BAB}.Release|Any CPU.ActiveCfg = Release|Any CPU
		{95EB33BB-3622-40C4-B119-4B331E592BAB}.Release|Any CPU.Build.0 = Release|Any CPU
	EndGlobalSection
	GlobalSection(SolutionProperties) = preSolution
		HideSolutionNode = FALSE
	EndGlobalSection
	GlobalSection(ExtensibilityGlobals) = postSolution
		SolutionGuid = {7E7E8E3C-5995-4823-ABB8-D8795A1B2F0E}
	EndGlobalSection
EndGlobal
